schema: '2.0'
stages:
  import_data:
    cmd: python -m src.data.import_raw_data
    deps:
    - path: params.yaml
      hash: md5
      md5: a2f00eb9fb77b875a260bd14ad1efe98
      size: 1287
    - path: src/data/import_raw_data.py
      hash: md5
      md5: ae8b74f627cc6d76d0d8940e43d8418f
      size: 10289
    outs:
    - path: data/raw/
      hash: md5
      md5: 088449c5d4a8a10e89ac6ec42f2e878c.dir
      size: 2687848905
      nfiles: 98731
  make_dataset:
    cmd: python -m src.data.make_dataset
    deps:
    - path: data/raw/
      hash: md5
      md5: 088449c5d4a8a10e89ac6ec42f2e878c.dir
      size: 2687848905
      nfiles: 98731
    - path: params.yaml
      hash: md5
      md5: a2f00eb9fb77b875a260bd14ad1efe98
      size: 1287
    - path: src/data/make_dataset.py
      hash: md5
      md5: f3cad2e229a528fe837c51f907046d45
      size: 11930
    params:
      params.yaml:
        data_ratio: 0.1
        data_split.random_state: 42
        data_split.shuffle: true
        data_split.test_size: 0.15
        data_split.validation_size: 0.15
    outs:
    - path: data/processed/
      hash: md5
      md5: d12fb6e8d1d11dec4b32bf8be8dc1f62.dir
      size: 5586994
      nfiles: 7
  train_model:
    cmd: python -m src.models.train_model_mlflow
    deps:
    - path: data/processed/
      hash: md5
      md5: d12fb6e8d1d11dec4b32bf8be8dc1f62.dir
      size: 5586994
      nfiles: 7
    - path: params.yaml
      hash: md5
      md5: a2f00eb9fb77b875a260bd14ad1efe98
      size: 1287
    - path: src/models/metrics.py
      hash: md5
      md5: e35fa89d2c4dcbd2af7205455eeea8d0
      size: 2986
    - path: src/models/models.py
      hash: md5
      md5: d7c8c5a4cd921d9f3c7973a62db38b13
      size: 5400
    - path: src/models/train_model_image_mlflow.py
      hash: md5
      md5: 155b56743c2c3e98b226c629840252dc
      size: 10201
    - path: src/models/train_model_mlflow.py
      hash: md5
      md5: 1e5371078b132b6739ec6c56fb7fad18
      size: 1224
    - path: src/models/train_model_text_mlflow.py
      hash: md5
      md5: 59d6b99ff51f8605356b09afc5ab7e00
      size: 6888
    - path: src/tools/tools.py
      hash: md5
      md5: 1c195ac7e97f2fa60fe609e90a439d06
      size: 7066
    params:
      params.yaml:
        model_selection.model_type: image
        models_parameters.Camembert.max_length: 16
        models_parameters.Camembert.model_name: almanach/camembert-base
        models_parameters.EfficientNetB1.model_name: EfficientNetB1
        models_parameters.EfficientNetB1.nb_trainable_layers: 5
        optimizer_parameters.amsgrad: true
        optimizer_parameters.learning_rate: 2e-05
        optimizer_parameters.weighting_decay: 1e-08
        training_parameters.batch_size: 16
        training_parameters.epochs: 1
    outs:
    - path: models/
      hash: md5
      md5: c21286f6bf719f14fd8d3268c5ef8210.dir
      size: 46858882
      nfiles: 3
  evaluate_model:
    cmd: python -m src.models.evaluate_model
    deps:
    - path: data/processed/
      hash: md5
      md5: d12fb6e8d1d11dec4b32bf8be8dc1f62.dir
      size: 5586994
      nfiles: 7
    - path: models/
      hash: md5
      md5: c21286f6bf719f14fd8d3268c5ef8210.dir
      size: 46858882
      nfiles: 3
    - path: params.yaml
      hash: md5
      md5: a2f00eb9fb77b875a260bd14ad1efe98
      size: 1287
    - path: src/models/evaluate_model.py
      hash: md5
      md5: d4919bdcf2ec63fecf72e2235a4053c5
      size: 1220
    - path: src/models/metrics.py
      hash: md5
      md5: e35fa89d2c4dcbd2af7205455eeea8d0
      size: 2986
    - path: src/models/models.py
      hash: md5
      md5: d7c8c5a4cd921d9f3c7973a62db38b13
      size: 5400
    - path: src/tools/tools.py
      hash: md5
      md5: 1c195ac7e97f2fa60fe609e90a439d06
      size: 7066
    params:
      params.yaml:
        model_selection.model_type: image
    outs:
    - path: metrics/
      hash: md5
      md5: 812b0d6167bc35c753541ea43bc94202.dir
      size: 5776
      nfiles: 2
  launch_api:
    cmd: uvicorn src.api.service:app --host 0.0.0.0 --port 8000 --reload
    deps:
    - path: data/processed/
      hash: md5
      md5: d12fb6e8d1d11dec4b32bf8be8dc1f62.dir
      size: 5586994
      nfiles: 7
    - path: models/
      hash: md5
      md5: c21286f6bf719f14fd8d3268c5ef8210.dir
      size: 46858882
      nfiles: 3
    - path: params.yaml
      hash: md5
      md5: a2f00eb9fb77b875a260bd14ad1efe98
      size: 1287
    - path: src/api/service.py
      hash: md5
      md5: 35bcca942ec433a34c392e71d8983fbc
      size: 3433
    - path: src/tools/tools.py
      hash: md5
      md5: 1c195ac7e97f2fa60fe609e90a439d06
      size: 7066
